github.com/davecgh/go-spew v1.1.1 h1:vj9j/u1bqnvCEfJOwUhtlOARqs3+rkHYY13jYWTU97c=
github.com/davecgh/go-spew v1.1.1/go.mod h1:J7Y8YcW2NihsgmVo/mv3lAwl/skON4iLHjSsI+c5H38=
github.com/golang-infrastructure/go-goroutine-id v0.0.0-20230331174358-98b48a64077b h1:kt3zNiijgkfPm47YaL4MaQJkw0T7ukEEttnCQMOcWxo=
github.com/golang-infrastructure/go-goroutine-id v0.0.0-20230331174358-98b48a64077b/go.mod h1:1L+eneS0HXUlZP0tmESGhlmpJ3hl063JGz6UQaJCmY0=
github.com/golang-infrastructure/go-iterator v0.0.0-20230524171120-56988a9b127c h1:h4321AFRVv5rTKcColUjE5pa+Y1exG1e6aEXn43L/Eg=
github.com/golang-infrastructure/go-iterator v0.0.0-20230524171120-56988a9b127c/go.mod h1:Guf14ZZ7f7qiE0YpZbUkICcm7LWc3nrn3/gDObT//WI=
github.com/golang-infrastructure/go-pointer v0.0.5 h1:wzZ/XnXKzD3DWECTnUpUh+xAlGSWqfn/pQyusPNsqrQ=
github.com/golang-infrastructure/go-pointer v0.0.5/go.mod h1:SBP0/8QH+mr8LGP/tDo28EQ2b45WqfzjXYbPjmK88g8=
github.com/golang-infrastructure/go-reflect-utils v0.0.0-20221130143747-965ef2eb09c3 h1:jJ7AdpNdLQudsx1hiXY9iwmauHARV4/UB52KnBh9Se0=
github.com/golang-infrastructure/go-reflect-utils v0.0.0-20221130143747-965ef2eb09c3/go.mod h1:zqXYxqOBa1mL2ilBK6PuH/Wb/Iego7en6XhiKWdZQHI=
github.com/google/uuid v1.3.0 h1:t6JiXgmwXMjEs8VusXIJk2BXHsn+wx8BZdTaoZ5fu7I=
github.com/google/uuid v1.3.0/go.mod h1:TIyPZe4MgqvfeYDBFedMoGGpEw/LqOeaOT+nhxU+yHo=
github.com/kr/pretty v0.3.1 h1:flRD4NNwYAUpkphVc1HcthR4KEIFJ65n8Mw5qdRn3LE=
github.com/kr/text v0.2.0 h1:5Nx0Ya0ZqY2ygV366QzturHI13Jq95ApcVaJBhpS+AY=
github.com/lib/pq v1.10.9 h1:YXG7RB+JIjhP29X+OtkiDnYaXQwpS4JEWq7dtCCRUEw=
github.com/lib/pq v1.10.9/go.mod h1:AlVN5x4E4T544tWzH6hKfbfQvm3HdbOxrmggDNAPY9o=
github.com/pmezard/go-difflib v1.0.0 h1:4DBwDE0NGyQoBHbLQYPwSUPoCMWR5BEzIk/f1lZbAQM=
github.com/pmezard/go-difflib v1.0.0/go.mod h1:iKH77koFhYxTK1pcRnkKkqfTogsbg7gZNVY4sRDYZ/4=
github.com/rogpeppe/go-internal v1.10.0 h1:TMyTOH3F/DB16zRVcYyreMH6GnZZrwQVAoYjRBZyWFQ=
github.com/storage-lock/go-events v0.0.3 h1:QuNbaREe5m1WYC0meKs7SRJ5lY11a18jCJJS/mGD3SA=
github.com/storage-lock/go-events v0.0.3/go.mod h1:DKwPgfuq8T8CyPLipH+0XHsNt8hEN4g9krUGfosU2oY=
github.com/storage-lock/go-sql-based-storage v0.0.0-20230815152553-e6057f9c32e7 h1:WbtCSU+1NC4eO0QwehH4aQNLGBm9SUyvo39aMEYLFjE=
github.com/storage-lock/go-sql-based-storage v0.0.0-20230815152553-e6057f9c32e7/go.mod h1:kKR7bTZ59cP7jK0tFhQ4yz2hD2XAL8A97Haql9NAygI=
github.com/storage-lock/go-storage v0.0.2 h1:N5glUlrr1bbJ8ixYsPmOv+TuhIOObX/65+hrNMPWFDc=
github.com/storage-lock/go-storage v0.0.2/go.mod h1:4vuU2nLdbmzj2UIBKpwB5lj8RI+GnPDZ4YHZ7QAcFHE=
github.com/storage-lock/go-storage-events v0.0.5 h1:qUgB/VZIQNM0PIos67T9D1JIqu3Yiu3+YDpuHEal3FI=
github.com/storage-lock/go-storage-events v0.0.5/go.mod h1:aBMVsOSr61+BLxO3QnU5FwKd5bdMGE4IpV0oDrAg8uQ=
github.com/storage-lock/go-storage-lock v0.0.3 h1:eobL73fhfAjLKNk4msQNTYFcilrPKwySXY/5ympfeRU=
github.com/storage-lock/go-storage-lock v0.0.3/go.mod h1:kzyjFhgPmiYMwLuuVoQfYxXPUOIGNETA+Z/wDnRc/iw=
github.com/storage-lock/go-storage-test-helper v0.0.2 h1:6uipDmyxhncEJJSVwPiydKJrGVLoFARwbnkarDfhWSY=
github.com/storage-lock/go-storage-test-helper v0.0.2/go.mod h1:JrQptW0yJZVqDsObE9vWSoyZxhQHdQDM8/eh4vz7Tls=
github.com/storage-lock/go-utils v0.0.2 h1:pdacTOlD+AHqwWVmDqZLcjKF+7p8TjsmlvZ9bmmkIfE=
github.com/storage-lock/go-utils v0.0.2/go.mod h1:tx8ATHL7yOC0Nyjpba7hJNk0+QNt2XEnMr8NcGm9Gak=
github.com/stretchr/testify v1.8.4 h1:CcVxjf3Q8PM0mHUKJCdn+eZZtm5yQwehR5yeSVQQcUk=
github.com/stretchr/testify v1.8.4/go.mod h1:sz/lmYIOXD/1dqDmKjjqLyZ2RngseejIcXlSw2iwfAo=
gopkg.in/check.v1 v0.0.0-20161208181325-20d25e280405/go.mod h1:Co6ibVJAznAaIkqp8huTwlJQCZ016jof/cbN4VW5Yz0=
gopkg.in/check.v1 v1.0.0-20201130134442-10cb98267c6c h1:Hei/4ADfdWqJk1ZMxUNpqntNwaWcugrBjAiHlqqRiVk=
gopkg.in/yaml.v3 v3.0.1 h1:fxVm/GzAzEWqLHuvctI91KS9hhNmmWOoWu0XTYJS7CA=
gopkg.in/yaml.v3 v3.0.1/go.mod h1:K4uyk7z7BCEPqu6E+C64Yfv1cQ7kz7rIZviUmN+EgEM=
