github.com/davecgh/go-spew v1.1.1 h1:vj9j/u1bqnvCEfJOwUhtlOARqs3+rkHYY13jYWTU97c=
github.com/davecgh/go-spew v1.1.1/go.mod h1:J7Y8YcW2NihsgmVo/mv3lAwl/skON4iLHjSsI+c5H38=
github.com/golang-infrastructure/go-goroutine-id v0.0.0-20230331174358-98b48a64077b h1:kt3zNiijgkfPm47YaL4MaQJkw0T7ukEEttnCQMOcWxo=
github.com/golang-infrastructure/go-goroutine-id v0.0.0-20230331174358-98b48a64077b/go.mod h1:1L+eneS0HXUlZP0tmESGhlmpJ3hl063JGz6UQaJCmY0=
github.com/golang-infrastructure/go-iterator v0.0.0-20230524171120-56988a9b127c h1:h4321AFRVv5rTKcColUjE5pa+Y1exG1e6aEXn43L/Eg=
github.com/golang-infrastructure/go-iterator v0.0.0-20230524171120-56988a9b127c/go.mod h1:Guf14ZZ7f7qiE0YpZbUkICcm7LWc3nrn3/gDObT//WI=
github.com/golang-infrastructure/go-pointer v0.0.5 h1:wzZ/XnXKzD3DWECTnUpUh+xAlGSWqfn/pQyusPNsqrQ=
github.com/golang-infrastructure/go-pointer v0.0.5/go.mod h1:SBP0/8QH+mr8LGP/tDo28EQ2b45WqfzjXYbPjmK88g8=
github.com/golang-infrastructure/go-reflect-utils v0.0.0-20221130143747-965ef2eb09c3 h1:jJ7AdpNdLQudsx1hiXY9iwmauHARV4/UB52KnBh9Se0=
github.com/golang-infrastructure/go-reflect-utils v0.0.0-20221130143747-965ef2eb09c3/go.mod h1:zqXYxqOBa1mL2ilBK6PuH/Wb/Iego7en6XhiKWdZQHI=
github.com/google/uuid v1.3.0 h1:t6JiXgmwXMjEs8VusXIJk2BXHsn+wx8BZdTaoZ5fu7I=
github.com/google/uuid v1.3.0/go.mod h1:TIyPZe4MgqvfeYDBFedMoGGpEw/LqOeaOT+nhxU+yHo=
github.com/lib/pq v1.10.9 h1:YXG7RB+JIjhP29X+OtkiDnYaXQwpS4JEWq7dtCCRUEw=
github.com/lib/pq v1.10.9/go.mod h1:AlVN5x4E4T544tWzH6hKfbfQvm3HdbOxrmggDNAPY9o=
github.com/pmezard/go-difflib v1.0.0 h1:4DBwDE0NGyQoBHbLQYPwSUPoCMWR5BEzIk/f1lZbAQM=
github.com/pmezard/go-difflib v1.0.0/go.mod h1:iKH77koFhYxTK1pcRnkKkqfTogsbg7gZNVY4sRDYZ/4=
github.com/storage-lock/go-events v0.0.0-20230805113632-ff4385b14030 h1:ET3kiNlDgAMW/8WKHUGcpb4GzeQSuGnW4xta2Ri/jgY=
github.com/storage-lock/go-events v0.0.0-20230805113632-ff4385b14030/go.mod h1:LGZzW3f+td+b+i1pphoI9Dge0kDsguFza/YkXLADet0=
github.com/storage-lock/go-storage v0.0.0-20230805070648-ce1105955864 h1:0lsu6eydV3zLSPdH4aYrQ3kJ2Tjllac8xzOhIQ5xud0=
github.com/storage-lock/go-storage v0.0.0-20230805070648-ce1105955864/go.mod h1:zJZ0g3C6YyDLxX0T/+vxTiVVXZ449LNiFLNBs535a6E=
github.com/storage-lock/go-storage-events v0.0.0-20230805074431-3c9e83cd7acb h1:GuAN/qYQi03ucN7QEUxZvo8Q+CAF5N53HoWAwUBGxmk=
github.com/storage-lock/go-storage-events v0.0.0-20230805074431-3c9e83cd7acb/go.mod h1:6a+wteTwNtzVLBEUA8pECe2/2UtkK+wS0tjlnrEHp9k=
github.com/storage-lock/go-storage-lock v0.0.0-20230806063848-33d8f297b1c7 h1:0i+jz+Dr2xON3CjM975qyzGMv75fJHqiyLRrtFDMt/w=
github.com/storage-lock/go-storage-lock v0.0.0-20230806063848-33d8f297b1c7/go.mod h1:mtvTCnwMiwIHctDYkUNOIUKEJSJyIefPuPPUFLJtt0c=
github.com/storage-lock/go-storage-test-helper v0.0.0-20230804163147-18f3bea87f4e h1:gFStx5vODBqW3RAJVp8CvQZqe2Ld+XSipP+jJYO8S3s=
github.com/storage-lock/go-storage-test-helper v0.0.0-20230804163147-18f3bea87f4e/go.mod h1:WvnRuME9aKweoMiXAyYZ7XAqgMcZ5qyu7Rcx99g0HXI=
github.com/storage-lock/go-storage-test-helper v0.0.0-20230806122004-626135991a42 h1:0CadWj5pz8NCqNLotgde5k9wozk0Oy2AH3Dk7HXiDZ0=
github.com/storage-lock/go-storage-test-helper v0.0.0-20230806122004-626135991a42/go.mod h1:OMyrAjXA2WSdYFfjFPQMMa8tfMh9D5owQwdJeNwus30=
github.com/storage-lock/go-utils v0.0.0-20230804131655-6dbe431cdc1a h1:6nSZOPYmogTELlp3ZUmzTbOupdrH7OomezDMKHnSAzA=
github.com/storage-lock/go-utils v0.0.0-20230804131655-6dbe431cdc1a/go.mod h1:V0M52rFAkNt77MA3odRqwkl1xRkswsEcX/neFbgmhZY=
github.com/stretchr/testify v1.8.4 h1:CcVxjf3Q8PM0mHUKJCdn+eZZtm5yQwehR5yeSVQQcUk=
github.com/stretchr/testify v1.8.4/go.mod h1:sz/lmYIOXD/1dqDmKjjqLyZ2RngseejIcXlSw2iwfAo=
gopkg.in/check.v1 v0.0.0-20161208181325-20d25e280405/go.mod h1:Co6ibVJAznAaIkqp8huTwlJQCZ016jof/cbN4VW5Yz0=
gopkg.in/yaml.v3 v3.0.1 h1:fxVm/GzAzEWqLHuvctI91KS9hhNmmWOoWu0XTYJS7CA=
gopkg.in/yaml.v3 v3.0.1/go.mod h1:K4uyk7z7BCEPqu6E+C64Yfv1cQ7kz7rIZviUmN+EgEM=
